
Microsoft Visual Studio Solution File, Format Version 12.00
# Visual Studio 2013
VisualStudioVersion = 12.0.21005.1
MinimumVisualStudioVersion = 10.0.40219.1
Project("{FAE04EC0-301F-11D3-BF4B-00C04F79EFBC}") = "BubbleNet", "BubbleNet\BubbleNet.csproj", "{E7F3F4C1-FB6F-415C-9B7B-65509D14B15A}"
EndProject
Project("{2150E333-8FDC-42A3-9474-1A3956D46DE8}") = "Core", "Core", "{1D7E3620-3F77-4F2D-8802-1CF88B362BA4}"
EndProject
Project("{2150E333-8FDC-42A3-9474-1A3956D46DE8}") = "Infrastructure", "Infrastructure", "{5E61987E-87C0-484B-A8B9-0D9BDA382C7A}"
EndProject
Project("{FAE04EC0-301F-11D3-BF4B-00C04F79EFBC}") = "BubbleNet.Core", "BubbleNet.Core\BubbleNet.Core.csproj", "{8E54F90B-2354-4A78-940B-E01BC57628B1}"
EndProject
Project("{FAE04EC0-301F-11D3-BF4B-00C04F79EFBC}") = "BubbleNet.Infrastructure.Persistence", "BubbleNet.Infrastructure.Persistence\BubbleNet.Infrastructure.Persistence.csproj", "{38D3B4E6-53D4-416A-8707-60FFC606638B}"
EndProject
Project("{FAE04EC0-301F-11D3-BF4B-00C04F79EFBC}") = "BubbleNet.Infrastructure", "BubbleNet.Infrastructure\BubbleNet.Infrastructure.csproj", "{BBD556F4-81AA-460B-B8BB-B179F41ED796}"
EndProject
Project("{2150E333-8FDC-42A3-9474-1A3956D46DE8}") = "Configs", "Configs", "{9FD583F4-F3E6-48A9-B735-504E4ACB8C0E}"
	ProjectSection(SolutionItems) = preProject
		BubbleNet\NLog.config = BubbleNet\NLog.config
		BubbleNet\NLog.xsd = BubbleNet\NLog.xsd
	EndProjectSection
EndProject
Project("{FAE04EC0-301F-11D3-BF4B-00C04F79EFBC}") = "BubbleNet.Infrastructure.DI", "BubbleNet.Infrastructure.DI\BubbleNet.Infrastructure.DI.csproj", "{80BDCF13-5FF6-481B-9490-9EB9255DADB9}"
EndProject
Global
	GlobalSection(SolutionConfigurationPlatforms) = preSolution
		Debug|Any CPU = Debug|Any CPU
		Release|Any CPU = Release|Any CPU
	EndGlobalSection
	GlobalSection(ProjectConfigurationPlatforms) = postSolution
		{E7F3F4C1-FB6F-415C-9B7B-65509D14B15A}.Debug|Any CPU.ActiveCfg = Debug|Any CPU
		{E7F3F4C1-FB6F-415C-9B7B-65509D14B15A}.Debug|Any CPU.Build.0 = Debug|Any CPU
		{E7F3F4C1-FB6F-415C-9B7B-65509D14B15A}.Release|Any CPU.ActiveCfg = Release|Any CPU
		{E7F3F4C1-FB6F-415C-9B7B-65509D14B15A}.Release|Any CPU.Build.0 = Release|Any CPU
		{8E54F90B-2354-4A78-940B-E01BC57628B1}.Debug|Any CPU.ActiveCfg = Debug|Any CPU
		{8E54F90B-2354-4A78-940B-E01BC57628B1}.Debug|Any CPU.Build.0 = Debug|Any CPU
		{8E54F90B-2354-4A78-940B-E01BC57628B1}.Release|Any CPU.ActiveCfg = Release|Any CPU
		{8E54F90B-2354-4A78-940B-E01BC57628B1}.Release|Any CPU.Build.0 = Release|Any CPU
		{38D3B4E6-53D4-416A-8707-60FFC606638B}.Debug|Any CPU.ActiveCfg = Debug|Any CPU
		{38D3B4E6-53D4-416A-8707-60FFC606638B}.Debug|Any CPU.Build.0 = Debug|Any CPU
		{38D3B4E6-53D4-416A-8707-60FFC606638B}.Release|Any CPU.ActiveCfg = Release|Any CPU
		{38D3B4E6-53D4-416A-8707-60FFC606638B}.Release|Any CPU.Build.0 = Release|Any CPU
		{BBD556F4-81AA-460B-B8BB-B179F41ED796}.Debug|Any CPU.ActiveCfg = Debug|Any CPU
		{BBD556F4-81AA-460B-B8BB-B179F41ED796}.Debug|Any CPU.Build.0 = Debug|Any CPU
		{BBD556F4-81AA-460B-B8BB-B179F41ED796}.Release|Any CPU.ActiveCfg = Release|Any CPU
		{BBD556F4-81AA-460B-B8BB-B179F41ED796}.Release|Any CPU.Build.0 = Release|Any CPU
		{80BDCF13-5FF6-481B-9490-9EB9255DADB9}.Debug|Any CPU.ActiveCfg = Debug|Any CPU
		{80BDCF13-5FF6-481B-9490-9EB9255DADB9}.Debug|Any CPU.Build.0 = Debug|Any CPU
		{80BDCF13-5FF6-481B-9490-9EB9255DADB9}.Release|Any CPU.ActiveCfg = Release|Any CPU
		{80BDCF13-5FF6-481B-9490-9EB9255DADB9}.Release|Any CPU.Build.0 = Release|Any CPU
	EndGlobalSection
	GlobalSection(SolutionProperties) = preSolution
		HideSolutionNode = FALSE
	EndGlobalSection
	GlobalSection(NestedProjects) = preSolution
		{8E54F90B-2354-4A78-940B-E01BC57628B1} = {1D7E3620-3F77-4F2D-8802-1CF88B362BA4}
		{38D3B4E6-53D4-416A-8707-60FFC606638B} = {5E61987E-87C0-484B-A8B9-0D9BDA382C7A}
		{BBD556F4-81AA-460B-B8BB-B179F41ED796} = {5E61987E-87C0-484B-A8B9-0D9BDA382C7A}
		{80BDCF13-5FF6-481B-9490-9EB9255DADB9} = {5E61987E-87C0-484B-A8B9-0D9BDA382C7A}
	EndGlobalSection
EndGlobal
